version = 1
revision = 2
requires-python = ">=3.13"

[[package]]
name = "dearpygui"
version = "2.1.0"
source = { registry = "https://pypi.org/simple" }
wheels = [
    { url = "https://files.pythonhosted.org/packages/8b/84/4efef98dc19140155c3bbc173473f8ca01ec0b10c5175598acd93b82d8a9/dearpygui-2.1.0-cp313-cp313-macosx_10_6_x86_64.whl", hash = "sha256:5c32402f75f87ca23faedc626975f546098bcbc71e1dc8b22ddc6054f4c800f1", size = 2101488, upload-time = "2025-07-07T14:20:03.143Z" },
    { url = "https://files.pythonhosted.org/packages/74/c6/ad8054a70069f5777639c1376892b946fa009ad0ed7b1009f75428458367/dearpygui-2.1.0-cp313-cp313-macosx_13_0_arm64.whl", hash = "sha256:f776c4c81195b2e7248305db21c7d429881d306a9557a8a4e4f002eb477cd247", size = 1874341, upload-time = "2025-07-07T14:20:12.157Z" },
    { url = "https://files.pythonhosted.org/packages/2c/d3/8dcfc6df643834706b5ee72f169121db519aab4aa270ba9de41908013ee3/dearpygui-2.1.0-cp313-cp313-manylinux1_x86_64.whl", hash = "sha256:3900ce7f68e8967dc937adbd9088a7c294fd676fa878d9905e4f25b0d76232ae", size = 2636147, upload-time = "2025-07-07T14:20:18.206Z" },
    { url = "https://files.pythonhosted.org/packages/7a/c7/7d9f839516cb30a5f55c6a1055fa518d986dae841ae2ecccdea9cea266b1/dearpygui-2.1.0-cp313-cp313-win_amd64.whl", hash = "sha256:205def95d6862e80ee908d080f5a8065f30421d87ddfa88a3607a5c8e253a9bb", size = 1810439, upload-time = "2025-07-07T14:19:54.284Z" },
]

[[package]]
name = "save-backups"
version = "0.1.0"
source = { virtual = "." }
dependencies = [
    { name = "dearpygui" },
]

[package.metadata]
requires-dist = [{ name = "dearpygui", specifier = ">=2.1.0" }]
